
Microsoft Visual Studio Solution File, Format Version 12.00
# Visual Studio Version 17
VisualStudioVersion = 17.5.33424.131
MinimumVisualStudioVersion = 10.0.40219.1
Project("{FAE04EC0-301F-11D3-BF4B-00C04F79EFBC}") = "poligon3-9-2026b", "poligon3-9-2026b.csproj", "{2C981BE8-1135-4AEC-9AE6-656B82F6996F}"
EndProject
Global
	GlobalSection(SolutionConfigurationPlatforms) = preSolution
		Debug|Any CPU = Debug|Any CPU
		Release|Any CPU = Release|Any CPU
	EndGlobalSection
	GlobalSection(ProjectConfigurationPlatforms) = postSolution
		{2C981BE8-1135-4AEC-9AE6-656B82F6996F}.Debug|Any CPU.ActiveCfg = Debug|Any CPU
		{2C981BE8-1135-4AEC-9AE6-656B82F6996F}.Debug|Any CPU.Build.0 = Debug|Any CPU
		{2C981BE8-1135-4AEC-9AE6-656B82F6996F}.Release|Any CPU.ActiveCfg = Release|Any CPU
		{2C981BE8-1135-4AEC-9AE6-656B82F6996F}.Release|Any CPU.Build.0 = Release|Any CPU
	EndGlobalSection
	GlobalSection(SolutionProperties) = preSolution
		HideSolutionNode = FALSE
	EndGlobalSection
	GlobalSection(ExtensibilityGlobals) = postSolution
		SolutionGuid = {58187812-B87D-4E4B-A6F9-68DA39DCA776}
	EndGlobalSection
EndGlobal
